
Microsoft Visual Studio Solution File, Format Version 12.00
# Visual Studio 15
VisualStudioVersion = 15.0.27703.2035
MinimumVisualStudioVersion = 10.0.40219.1
Project("{FAE04EC0-301F-11D3-BF4B-00C04F79EFBC}") = "CasamentoBEC.Android", "CasamentoBEC\CasamentoBEC.Android\CasamentoBEC.Android.csproj", "{5A8020BF-D415-4AB0-9E45-6D5AB4D16904}"
EndProject
Project("{FAE04EC0-301F-11D3-BF4B-00C04F79EFBC}") = "CasamentoBEC.iOS", "CasamentoBEC\CasamentoBEC.iOS\CasamentoBEC.iOS.csproj", "{649D89FA-6CCE-43A8-BEE1-F4E410823F4A}"
EndProject
Project("{FAE04EC0-301F-11D3-BF4B-00C04F79EFBC}") = "CasamentoBEC", "CasamentoBEC\CasamentoBEC\CasamentoBEC.csproj", "{6FB06121-8FFD-4DCC-B586-A5C6DFE39BBC}"
EndProject
Global
	GlobalSection(SolutionConfigurationPlatforms) = preSolution
		Ad-Hoc|Any CPU = Ad-Hoc|Any CPU
		Ad-Hoc|iPhone = Ad-Hoc|iPhone
		Ad-Hoc|iPhoneSimulator = Ad-Hoc|iPhoneSimulator
		AppStore|Any CPU = AppStore|Any CPU
		AppStore|iPhone = AppStore|iPhone
		AppStore|iPhoneSimulator = AppStore|iPhoneSimulator
		Debug|Any CPU = Debug|Any CPU
		Debug|iPhone = Debug|iPhone
		Debug|iPhoneSimulator = Debug|iPhoneSimulator
		Release|Any CPU = Release|Any CPU
		Release|iPhone = Release|iPhone
		Release|iPhoneSimulator = Release|iPhoneSimulator
	EndGlobalSection
	GlobalSection(ProjectConfigurationPlatforms) = postSolution
		{5A8020BF-D415-4AB0-9E45-6D5AB4D16904}.Ad-Hoc|Any CPU.ActiveCfg = Release|Any CPU
		{5A8020BF-D415-4AB0-9E45-6D5AB4D16904}.Ad-Hoc|Any CPU.Build.0 = Release|Any CPU
		{5A8020BF-D415-4AB0-9E45-6D5AB4D16904}.Ad-Hoc|Any CPU.Deploy.0 = Release|Any CPU
		{5A8020BF-D415-4AB0-9E45-6D5AB4D16904}.Ad-Hoc|iPhone.ActiveCfg = Release|Any CPU
		{5A8020BF-D415-4AB0-9E45-6D5AB4D16904}.Ad-Hoc|iPhone.Build.0 = Release|Any CPU
		{5A8020BF-D415-4AB0-9E45-6D5AB4D16904}.Ad-Hoc|iPhone.Deploy.0 = Release|Any CPU
		{5A8020BF-D415-4AB0-9E45-6D5AB4D16904}.Ad-Hoc|iPhoneSimulator.ActiveCfg = Release|Any CPU
		{5A8020BF-D415-4AB0-9E45-6D5AB4D16904}.Ad-Hoc|iPhoneSimulator.Build.0 = Release|Any CPU
		{5A8020BF-D415-4AB0-9E45-6D5AB4D16904}.Ad-Hoc|iPhoneSimulator.Deploy.0 = Release|Any CPU
		{5A8020BF-D415-4AB0-9E45-6D5AB4D16904}.AppStore|Any CPU.ActiveCfg = Release|Any CPU
		{5A8020BF-D415-4AB0-9E45-6D5AB4D16904}.AppStore|Any CPU.Build.0 = Release|Any CPU
		{5A8020BF-D415-4AB0-9E45-6D5AB4D16904}.AppStore|Any CPU.Deploy.0 = Release|Any CPU
		{5A8020BF-D415-4AB0-9E45-6D5AB4D16904}.AppStore|iPhone.ActiveCfg = Release|Any CPU
		{5A8020BF-D415-4AB0-9E45-6D5AB4D16904}.AppStore|iPhone.Build.0 = Release|Any CPU
		{5A8020BF-D415-4AB0-9E45-6D5AB4D16904}.AppStore|iPhone.Deploy.0 = Release|Any CPU
		{5A8020BF-D415-4AB0-9E45-6D5AB4D16904}.AppStore|iPhoneSimulator.ActiveCfg = Release|Any CPU
		{5A8020BF-D415-4AB0-9E45-6D5AB4D16904}.AppStore|iPhoneSimulator.Build.0 = Release|Any CPU
		{5A8020BF-D415-4AB0-9E45-6D5AB4D16904}.AppStore|iPhoneSimulator.Deploy.0 = Release|Any CPU
		{5A8020BF-D415-4AB0-9E45-6D5AB4D16904}.Debug|Any CPU.ActiveCfg = Debug|Any CPU
		{5A8020BF-D415-4AB0-9E45-6D5AB4D16904}.Debug|Any CPU.Build.0 = Debug|Any CPU
		{5A8020BF-D415-4AB0-9E45-6D5AB4D16904}.Debug|Any CPU.Deploy.0 = Debug|Any CPU
		{5A8020BF-D415-4AB0-9E45-6D5AB4D16904}.Debug|iPhone.ActiveCfg = Debug|Any CPU
		{5A8020BF-D415-4AB0-9E45-6D5AB4D16904}.Debug|iPhone.Build.0 = Debug|Any CPU
		{5A8020BF-D415-4AB0-9E45-6D5AB4D16904}.Debug|iPhone.Deploy.0 = Debug|Any CPU
		{5A8020BF-D415-4AB0-9E45-6D5AB4D16904}.Debug|iPhoneSimulator.ActiveCfg = Debug|Any CPU
		{5A8020BF-D415-4AB0-9E45-6D5AB4D16904}.Debug|iPhoneSimulator.Build.0 = Debug|Any CPU
		{5A8020BF-D415-4AB0-9E45-6D5AB4D16904}.Debug|iPhoneSimulator.Deploy.0 = Debug|Any CPU
		{5A8020BF-D415-4AB0-9E45-6D5AB4D16904}.Release|Any CPU.ActiveCfg = Release|Any CPU
		{5A8020BF-D415-4AB0-9E45-6D5AB4D16904}.Release|Any CPU.Build.0 = Release|Any CPU
		{5A8020BF-D415-4AB0-9E45-6D5AB4D16904}.Release|Any CPU.Deploy.0 = Release|Any CPU
		{5A8020BF-D415-4AB0-9E45-6D5AB4D16904}.Release|iPhone.ActiveCfg = Release|Any CPU
		{5A8020BF-D415-4AB0-9E45-6D5AB4D16904}.Release|iPhone.Build.0 = Release|Any CPU
		{5A8020BF-D415-4AB0-9E45-6D5AB4D16904}.Release|iPhone.Deploy.0 = Release|Any CPU
		{5A8020BF-D415-4AB0-9E45-6D5AB4D16904}.Release|iPhoneSimulator.ActiveCfg = Release|Any CPU
		{5A8020BF-D415-4AB0-9E45-6D5AB4D16904}.Release|iPhoneSimulator.Build.0 = Release|Any CPU
		{5A8020BF-D415-4AB0-9E45-6D5AB4D16904}.Release|iPhoneSimulator.Deploy.0 = Release|Any CPU
		{649D89FA-6CCE-43A8-BEE1-F4E410823F4A}.Ad-Hoc|Any CPU.ActiveCfg = Ad-Hoc|iPhone
		{649D89FA-6CCE-43A8-BEE1-F4E410823F4A}.Ad-Hoc|Any CPU.Build.0 = Ad-Hoc|iPhone
		{649D89FA-6CCE-43A8-BEE1-F4E410823F4A}.Ad-Hoc|Any CPU.Deploy.0 = Ad-Hoc|iPhone
		{649D89FA-6CCE-43A8-BEE1-F4E410823F4A}.Ad-Hoc|iPhone.ActiveCfg = Ad-Hoc|iPhone
		{649D89FA-6CCE-43A8-BEE1-F4E410823F4A}.Ad-Hoc|iPhone.Build.0 = Ad-Hoc|iPhone
		{649D89FA-6CCE-43A8-BEE1-F4E410823F4A}.Ad-Hoc|iPhone.Deploy.0 = Ad-Hoc|iPhone
		{649D89FA-6CCE-43A8-BEE1-F4E410823F4A}.Ad-Hoc|iPhoneSimulator.ActiveCfg = Ad-Hoc|iPhoneSimulator
		{649D89FA-6CCE-43A8-BEE1-F4E410823F4A}.Ad-Hoc|iPhoneSimulator.Build.0 = Ad-Hoc|iPhoneSimulator
		{649D89FA-6CCE-43A8-BEE1-F4E410823F4A}.Ad-Hoc|iPhoneSimulator.Deploy.0 = Ad-Hoc|iPhoneSimulator
		{649D89FA-6CCE-43A8-BEE1-F4E410823F4A}.AppStore|Any CPU.ActiveCfg = AppStore|iPhone
		{649D89FA-6CCE-43A8-BEE1-F4E410823F4A}.AppStore|Any CPU.Build.0 = AppStore|iPhone
		{649D89FA-6CCE-43A8-BEE1-F4E410823F4A}.AppStore|Any CPU.Deploy.0 = AppStore|iPhone
		{649D89FA-6CCE-43A8-BEE1-F4E410823F4A}.AppStore|iPhone.ActiveCfg = AppStore|iPhone
		{649D89FA-6CCE-43A8-BEE1-F4E410823F4A}.AppStore|iPhone.Build.0 = AppStore|iPhone
		{649D89FA-6CCE-43A8-BEE1-F4E410823F4A}.AppStore|iPhone.Deploy.0 = AppStore|iPhone
		{649D89FA-6CCE-43A8-BEE1-F4E410823F4A}.AppStore|iPhoneSimulator.ActiveCfg = AppStore|iPhoneSimulator
		{649D89FA-6CCE-43A8-BEE1-F4E410823F4A}.AppStore|iPhoneSimulator.Build.0 = AppStore|iPhoneSimulator
		{649D89FA-6CCE-43A8-BEE1-F4E410823F4A}.AppStore|iPhoneSimulator.Deploy.0 = AppStore|iPhoneSimulator
		{649D89FA-6CCE-43A8-BEE1-F4E410823F4A}.Debug|Any CPU.ActiveCfg = Debug|iPhoneSimulator
		{649D89FA-6CCE-43A8-BEE1-F4E410823F4A}.Debug|Any CPU.Build.0 = Debug|iPhoneSimulator
		{649D89FA-6CCE-43A8-BEE1-F4E410823F4A}.Debug|Any CPU.Deploy.0 = Debug|iPhoneSimulator
		{649D89FA-6CCE-43A8-BEE1-F4E410823F4A}.Debug|iPhone.ActiveCfg = Debug|iPhone
		{649D89FA-6CCE-43A8-BEE1-F4E410823F4A}.Debug|iPhone.Build.0 = Debug|iPhone
		{649D89FA-6CCE-43A8-BEE1-F4E410823F4A}.Debug|iPhone.Deploy.0 = Debug|iPhone
		{649D89FA-6CCE-43A8-BEE1-F4E410823F4A}.Debug|iPhoneSimulator.ActiveCfg = Debug|iPhoneSimulator
		{649D89FA-6CCE-43A8-BEE1-F4E410823F4A}.Debug|iPhoneSimulator.Build.0 = Debug|iPhoneSimulator
		{649D89FA-6CCE-43A8-BEE1-F4E410823F4A}.Debug|iPhoneSimulator.Deploy.0 = Debug|iPhoneSimulator
		{649D89FA-6CCE-43A8-BEE1-F4E410823F4A}.Release|Any CPU.ActiveCfg = Release|iPhone
		{649D89FA-6CCE-43A8-BEE1-F4E410823F4A}.Release|Any CPU.Build.0 = Release|iPhone
		{649D89FA-6CCE-43A8-BEE1-F4E410823F4A}.Release|Any CPU.Deploy.0 = Release|iPhone
		{649D89FA-6CCE-43A8-BEE1-F4E410823F4A}.Release|iPhone.ActiveCfg = Release|iPhone
		{649D89FA-6CCE-43A8-BEE1-F4E410823F4A}.Release|iPhone.Build.0 = Release|iPhone
		{649D89FA-6CCE-43A8-BEE1-F4E410823F4A}.Release|iPhone.Deploy.0 = Release|iPhone
		{649D89FA-6CCE-43A8-BEE1-F4E410823F4A}.Release|iPhoneSimulator.ActiveCfg = Release|iPhoneSimulator
		{649D89FA-6CCE-43A8-BEE1-F4E410823F4A}.Release|iPhoneSimulator.Build.0 = Release|iPhoneSimulator
		{649D89FA-6CCE-43A8-BEE1-F4E410823F4A}.Release|iPhoneSimulator.Deploy.0 = Release|iPhoneSimulator
		{6FB06121-8FFD-4DCC-B586-A5C6DFE39BBC}.Ad-Hoc|Any CPU.ActiveCfg = Debug|Any CPU
		{6FB06121-8FFD-4DCC-B586-A5C6DFE39BBC}.Ad-Hoc|Any CPU.Build.0 = Debug|Any CPU
		{6FB06121-8FFD-4DCC-B586-A5C6DFE39BBC}.Ad-Hoc|Any CPU.Deploy.0 = Debug|Any CPU
		{6FB06121-8FFD-4DCC-B586-A5C6DFE39BBC}.Ad-Hoc|iPhone.ActiveCfg = Debug|Any CPU
		{6FB06121-8FFD-4DCC-B586-A5C6DFE39BBC}.Ad-Hoc|iPhone.Build.0 = Debug|Any CPU
		{6FB06121-8FFD-4DCC-B586-A5C6DFE39BBC}.Ad-Hoc|iPhone.Deploy.0 = Debug|Any CPU
		{6FB06121-8FFD-4DCC-B586-A5C6DFE39BBC}.Ad-Hoc|iPhoneSimulator.ActiveCfg = Debug|Any CPU
		{6FB06121-8FFD-4DCC-B586-A5C6DFE39BBC}.Ad-Hoc|iPhoneSimulator.Build.0 = Debug|Any CPU
		{6FB06121-8FFD-4DCC-B586-A5C6DFE39BBC}.Ad-Hoc|iPhoneSimulator.Deploy.0 = Debug|Any CPU
		{6FB06121-8FFD-4DCC-B586-A5C6DFE39BBC}.AppStore|Any CPU.ActiveCfg = Debug|Any CPU
		{6FB06121-8FFD-4DCC-B586-A5C6DFE39BBC}.AppStore|Any CPU.Build.0 = Debug|Any CPU
		{6FB06121-8FFD-4DCC-B586-A5C6DFE39BBC}.AppStore|Any CPU.Deploy.0 = Debug|Any CPU
		{6FB06121-8FFD-4DCC-B586-A5C6DFE39BBC}.AppStore|iPhone.ActiveCfg = Debug|Any CPU
		{6FB06121-8FFD-4DCC-B586-A5C6DFE39BBC}.AppStore|iPhone.Build.0 = Debug|Any CPU
		{6FB06121-8FFD-4DCC-B586-A5C6DFE39BBC}.AppStore|iPhone.Deploy.0 = Debug|Any CPU
		{6FB06121-8FFD-4DCC-B586-A5C6DFE39BBC}.AppStore|iPhoneSimulator.ActiveCfg = Debug|Any CPU
		{6FB06121-8FFD-4DCC-B586-A5C6DFE39BBC}.AppStore|iPhoneSimulator.Build.0 = Debug|Any CPU
		{6FB06121-8FFD-4DCC-B586-A5C6DFE39BBC}.AppStore|iPhoneSimulator.Deploy.0 = Debug|Any CPU
		{6FB06121-8FFD-4DCC-B586-A5C6DFE39BBC}.Debug|Any CPU.ActiveCfg = Debug|Any CPU
		{6FB06121-8FFD-4DCC-B586-A5C6DFE39BBC}.Debug|Any CPU.Build.0 = Debug|Any CPU
		{6FB06121-8FFD-4DCC-B586-A5C6DFE39BBC}.Debug|Any CPU.Deploy.0 = Debug|Any CPU
		{6FB06121-8FFD-4DCC-B586-A5C6DFE39BBC}.Debug|iPhone.ActiveCfg = Debug|Any CPU
		{6FB06121-8FFD-4DCC-B586-A5C6DFE39BBC}.Debug|iPhone.Build.0 = Debug|Any CPU
		{6FB06121-8FFD-4DCC-B586-A5C6DFE39BBC}.Debug|iPhone.Deploy.0 = Debug|Any CPU
		{6FB06121-8FFD-4DCC-B586-A5C6DFE39BBC}.Debug|iPhoneSimulator.ActiveCfg = Debug|Any CPU
		{6FB06121-8FFD-4DCC-B586-A5C6DFE39BBC}.Debug|iPhoneSimulator.Build.0 = Debug|Any CPU
		{6FB06121-8FFD-4DCC-B586-A5C6DFE39BBC}.Debug|iPhoneSimulator.Deploy.0 = Debug|Any CPU
		{6FB06121-8FFD-4DCC-B586-A5C6DFE39BBC}.Release|Any CPU.ActiveCfg = Release|Any CPU
		{6FB06121-8FFD-4DCC-B586-A5C6DFE39BBC}.Release|Any CPU.Build.0 = Release|Any CPU
		{6FB06121-8FFD-4DCC-B586-A5C6DFE39BBC}.Release|Any CPU.Deploy.0 = Release|Any CPU
		{6FB06121-8FFD-4DCC-B586-A5C6DFE39BBC}.Release|iPhone.ActiveCfg = Release|Any CPU
		{6FB06121-8FFD-4DCC-B586-A5C6DFE39BBC}.Release|iPhone.Build.0 = Release|Any CPU
		{6FB06121-8FFD-4DCC-B586-A5C6DFE39BBC}.Release|iPhone.Deploy.0 = Release|Any CPU
		{6FB06121-8FFD-4DCC-B586-A5C6DFE39BBC}.Release|iPhoneSimulator.ActiveCfg = Release|Any CPU
		{6FB06121-8FFD-4DCC-B586-A5C6DFE39BBC}.Release|iPhoneSimulator.Build.0 = Release|Any CPU
		{6FB06121-8FFD-4DCC-B586-A5C6DFE39BBC}.Release|iPhoneSimulator.Deploy.0 = Release|Any CPU
	EndGlobalSection
	GlobalSection(SolutionProperties) = preSolution
		HideSolutionNode = FALSE
	EndGlobalSection
	GlobalSection(ExtensibilityGlobals) = postSolution
		SolutionGuid = {BF92CDE3-2589-4F71-B590-DAFA7365B7DF}
	EndGlobalSection
EndGlobal
